{
    "_meta": {
        "hash": {
            "sha256": "d03614259741cafc7b806291cc00aa2238b2d8dc66caf6569c0a489ab30d841b"
        },
        "host-environment-markers": {
            "implementation_name": "cpython",
            "implementation_version": "3.6.4",
            "os_name": "posix",
            "platform_machine": "x86_64",
            "platform_python_implementation": "CPython",
            "platform_release": "4.14.0-deepin2-amd64",
            "platform_system": "Linux",
            "platform_version": "#1 SMP PREEMPT Deepin 4.14.12-2 (2018-01-06)",
            "python_full_version": "3.6.4",
            "python_version": "3.6",
            "sys_platform": "linux"
        },
        "pipfile-spec": 6,
        "requires": {
            "python_version": "3.6"
        },
        "sources": [
            {
                "name": "pypi",
                "url": "https://pypi.python.org/simple",
                "verify_ssl": true
            }
        ]
    },
    "default": {
        "wand": {
            "hashes": [
                "sha256:fb50d0ad4cad995f0b59b13f76bced22682ab80b4299084a2c3c535b225850c9",
                "sha256:28e0454c9d16d69c5d5034918d96320d8f9f1377b4fdaf4944eec2f938c74704"
            ],
            "version": "==0.4.4"
        }
    },
    "develop": {}
}
